// !$*UTF8*$!
{
	archiveVersion = 1;
	classes = {
	};
	objectVersion = 46;
	objects = {

/* Begin PBXBuildFile section */
		6727F1DF1EA840580069CA6F /* AppDelegate.swift in Sources */ = {isa = PBXBuildFile; fileRef = 6727F1DE1EA840580069CA6F /* AppDelegate.swift */; };
		6727F1E11EA840580069CA6F /* ViewController.swift in Sources */ = {isa = PBXBuildFile; fileRef = 6727F1E01EA840580069CA6F /* ViewController.swift */; };
		6727F1E41EA840580069CA6F /* Main.storyboard in Resources */ = {isa = PBXBuildFile; fileRef = 6727F1E21EA840580069CA6F /* Main.storyboard */; };
		6727F1E61EA840580069CA6F /* Assets.xcassets in Resources */ = {isa = PBXBuildFile; fileRef = 6727F1E51EA840580069CA6F /* Assets.xcassets */; };
		6727F1E91EA840580069CA6F /* LaunchScreen.storyboard in Resources */ = {isa = PBXBuildFile; fileRef = 6727F1E71EA840580069CA6F /* LaunchScreen.storyboard */; };
/* End PBXBuildFile section */

/* Begin PBXFileReference section */
		6727F1DB1EA840580069CA6F /* TinderS.app */ = {isa = PBXFileReference; explicitFileType = wrapper.application; includeInIndex = 0; path = TinderS.app; sourceTree = BUILT_PRODUCTS_DIR; };
		6727F1DE1EA840580069CA6F /* AppDelegate.swift */ = {isa = PBXFileReference; lastKnownFileType = sourcecode.swift; path = AppDelegate.swift; sourceTree = "<group>"; };
		6727F1E01EA840580069CA6F /* ViewController.swift */ = {isa = PBXFileReference; lastKnownFileType = sourcecode.swift; path = ViewController.swift; sourceTree = "<group>"; };
		6727F1E31EA840580069CA6F /* Base */ = {isa = PBXFileReference; lastKnownFileType = file.storyboard; name = Base; path = Base.lproj/Main.storyboard; sourceTree = "<group>"; };
		6727F1E51EA840580069CA6F /* Assets.xcassets */ = {isa = PBXFileReference; lastKnownFileType = folder.assetcatalog; path = Assets.xcassets; sourceTree = "<group>"; };
		6727F1E81EA840580069CA6F /* Base */ = {isa = PBXFileReference; lastKnownFileType = file.storyboard; name = Base; path = Base.lproj/LaunchScreen.storyboard; sourceTree = "<group>"; };
		6727F1EA1EA840580069CA6F /* Info.plist */ = {isa = PBXFileReference; lastKnownFileType = text.plist.xml; path = Info.plist; sourceTree = "<group>"; };
/* End PBXFileReference section */

/* Begin PBXFrameworksBuildPhase section */
		6727F1D81EA840580069CA6F /* Frameworks */ = {
			isa = PBXFrameworksBuildPhase;
			buildActionMask = 2147483647;
			files = (
			);
			runOnlyForDeploymentPostprocessing = 0;
		};
/* End PBXFrameworksBuildPhase section */

/* Begin PBXGroup section */
		6727F1D21EA840580069CA6F = {
			isa = PBXGroup;
			children = (
				6727F1DD1EA840580069CA6F /* TinderS */,
				6727F1DC1EA840580069CA6F /* Products */,
			);
			sourceTree = "<group>";
		};
		6727F1DC1EA840580069CA6F /* Products */ = {
			isa = PBXGroup;
			children = (
				6727F1DB1EA840580069CA6F /* TinderS.app */,
			);
			name = Products;
			sourceTree = "<group>";
		};
		6727F1DD1EA840580069CA6F /* TinderS */ = {
			isa = PBXGroup;
			children = (
				6727F1DE1EA840580069CA6F /* AppDelegate.swift */,
				6727F1E01EA840580069CA6F /* ViewController.swift */,
				6727F1E21EA840580069CA6F /* Main.storyboard */,
				6727F1E51EA840580069CA6F /* Assets.xcassets */,
				6727F1E71EA840580069CA6F /* LaunchScreen.storyboard */,
				6727F1EA1EA840580069CA6F /* Info.plist */,
			);
			path = TinderS;
			sourceTree = "<group>";
		};
/* End PBXGroup section */

/* Begin PBXNativeTarget section */
		6727F1DA1EA840580069CA6F /* TinderS */ = {
			isa = PBXNativeTarget;
			buildConfigurationList = 6727F1ED1EA840580069CA6F /* Build configuration list for PBXNativeTarget "TinderS" */;
			buildPhases = (
				6727F1D71EA840580069CA6F /* Sources */,
				6727F1D81EA840580069CA6F /* Frameworks */,
				6727F1D91EA840580069CA6F /* Resources */,
			);
			buildRules = (
			);
			dependencies = (
			);
			name = TinderS;
			productName = TinderS;
			productReference = 6727F1DB1EA840580069CA6F /* TinderS.app */;
			productType = "com.apple.product-type.application";
		};
/* End PBXNativeTarget section */

/* Begin PBXProject section */
		6727F1D31EA840580069CA6F /* Project object */ = {
			isa = PBXProject;
			attributes = {
				LastSwiftUpdateCheck = 0820;
				LastUpgradeCheck = 0820;
				ORGANIZATIONNAME = lawchihon;
				TargetAttributes = {
					6727F1DA1EA840580069CA6F = {
						CreatedOnToolsVersion = 8.2.1;
						DevelopmentTeam = NQTW4CBNTU;
						ProvisioningStyle = Automatic;
					};
				};
			};
			buildConfigurationList = 6727F1D61EA840580069CA6F /* Build configuration list for PBXProject "TinderS" */;
			compatibilityVersion = "Xcode 3.2";
			developmentRegion = English;
			hasScannedForEncodings = 0;
			knownRegions = (
				en,
				Base,
			);
			mainGroup = 6727F1D21EA840580069CA6F;
			productRefGroup = 6727F1DC1EA840580069CA6F /* Products */;
			projectDirPath = "";
			projectRoot = "";
			targets = (
				6727F1DA1EA840580069CA6F /* TinderS */,
			);
		};
/* End PBXProject section */

/* Begin PBXResourcesBuildPhase section */
		6727F1D91EA840580069CA6F /* Resources */ = {
			isa = PBXResourcesBuildPhase;
			buildActionMask = 2147483647;
			files = (
				6727F1E91EA840580069CA6F /* LaunchScreen.storyboard in Resources */,
				6727F1E61EA840580069CA6F /* Assets.xcassets in Resources */,
				6727F1E41EA840580069CA6F /* Main.storyboard in Resources */,
			);
			runOnlyForDeploymentPostprocessing = 0;
		};
/* End PBXResourcesBuildPhase section */

/* Begin PBXSourcesBuildPhase section */
		6727F1D71EA840580069CA6F /* Sources */ = {
			isa = PBXSourcesBuildPhase;
			buildActionMask = 2147483647;
			files = (
				6727F1E11EA840580069CA6F /* ViewController.swift in Sources */,
				6727F1DF1EA840580069CA6F /* AppDelegate.swift in Sources */,
			);
			runOnlyForDeploymentPostprocessing = 0;
		};
/* End PBXSourcesBuildPhase section */

/* Begin PBXVariantGroup section */
		6727F1E21EA840580069CA6F /* Main.storyboard */ = {
			isa = PBXVariantGroup;
			children = (
				6727F1E31EA840580069CA6F /* Base */,
			);
			name = Main.storyboard;
			sourceTree = "<group>";
		};
		6727F1E71EA840580069CA6F /* LaunchScreen.storyboard */ = {
			isa = PBXVariantGroup;
			children = (
				6727F1E81EA840580069CA6F /* Base */,
			);
			name = LaunchScreen.storyboard;
			sourceTree = "<group>";
		};
/* End PBXVariantGroup section */

/* Begin XCBuildConfiguration section */
		6727F1EB1EA840580069CA6F /* Debug */ = {
			isa = XCBuildConfiguration;
			buildSettings = {
				ALWAYS_SEARCH_USER_PATHS = NO;
				CLANG_ANALYZER_NONNULL = YES;
				CLANG_CXX_LANGUAGE_STANDARD = "gnu++0x";
				CLANG_CXX_LIBRARY = "libc++";
				CLANG_ENABLE_MODULES = YES;
				CLANG_ENABLE_OBJC_ARC = YES;
				CLANG_WARN_BOOL_CONVERSION = YES;
				CLANG_WARN_CONSTANT_CONVERSION = YES;
				CLANG_WARN_DIRECT_OBJC_ISA_USAGE = YES_ERROR;
				CLANG_WARN_DOCUMENTATION_COMMENTS = YES;
				CLANG_WARN_EMPTY_BODY = YES;
				CLANG_WARN_ENUM_CONVERSION = YES;
				CLANG_WARN_INFINITE_RECURSION = YES;
				CLANG_WARN_INT_CONVERSION = YES;
				CLANG_WARN_OBJC_ROOT_CLASS = YES_ERROR;
				CLANG_WARN_SUSPICIOUS_MOVE = YES;
				CLANG_WARN_UNREACHABLE_CODE = YES;
				CLANG_WARN__DUPLICATE_METHOD_MATCH = YES;
				"CODE_SIGN_IDENTITY[sdk=iphoneos*]" = "iPhone Developer";
				COPY_PHASE_STRIP = NO;
				DEBUG_INFORMATION_FORMAT = dwarf;
				ENABLE_STRICT_OBJC_MSGSEND = YES;
				ENABLE_TESTABILITY = YES;
				GCC_C_LANGUAGE_STANDARD = gnu99;
				GCC_DYNAMIC_NO_PIC = NO;
				GCC_NO_COMMON_BLOCKS = YES;
				GCC_OPTIMIZATION_LEVEL = 0;
				GCC_PREPROCESSOR_DEFINITIONS = (
					"DEBUG=1",
					"$(inherited)",
				);
				GCC_WARN_64_TO_32_BIT_CONVERSION = YES;
				GCC_WARN_ABOUT_RETURN_TYPE = YES_ERROR;
				GCC_WARN_UNDECLARED_SELECTOR = YES;
				GCC_WARN_UNINITIALIZED_AUTOS = YES_AGGRESSIVE;
				GCC_WARN_UNUSED_FUNCTION = YES;
				GCC_WARN_UNUSED_VARIABLE = YES;
				IPHONEOS_DEPLOYMENT_TARGET = 10.2;
				MTL_ENABLE_DEBUG_INFO = YES;
				ONLY_ACTIVE_ARCH = YES;
				SDKROOT = iphoneos;
				SWIFT_ACTIVE_COMPILATION_CONDITIONS = DEBUG;
				SWIFT_OPTIMIZATION_LEVEL = "-Onone";
				TARGETED_DEVICE_FAMILY = "1,2";
			};
			name = Debug;
		};
		6727F1EC1EA840580069CA6F /* Release */ = {
			isa = XCBuildConfiguration;
			buildSettings = {
				ALWAYS_SEARCH_USER_PATHS = NO;
				CLANG_ANALYZER_NONNULL = YES;
				CLANG_CXX_LANGUAGE_STANDARD = "gnu++0x";
				CLANG_CXX_LIBRARY = "libc++";
				CLANG_ENABLE_MODULES = YES;
				CLANG_ENABLE_OBJC_ARC = YES;
				CLANG_WARN_BOOL_CONVERSION = YES;
				CLANG_WARN_CONSTANT_CONVERSION = YES;
				CLANG_WARN_DIRECT_OBJC_ISA_USAGE = YES_ERROR;
				CLANG_WARN_DOCUMENTATION_COMMENTS = YES;
				CLANG_WARN_EMPTY_BODY = YES;
				CLANG_WARN_ENUM_CONVERSION = YES;
				CLANG_WARN_INFINITE_RECURSION = YES;
				CLANG_WARN_INT_CONVERSION = YES;
				CLANG_WARN_OBJC_ROOT_CLASS = YES_ERROR;
				CLANG_WARN_SUSPICIOUS_MOVE = YES;
				CLANG_WARN_UNREACHABLE_CODE = YES;
				CLANG_WARN__DUPLICATE_METHOD_MATCH = YES;
				"CODE_SIGN_IDENTITY[sdk=iphoneos*]" = "iPhone Developer";
				COPY_PHASE_STRIP = NO;
				DEBUG_INFORMATION_FORMAT = "dwarf-with-dsym";
				ENABLE_NS_ASSERTIONS = NO;
				ENABLE_STRICT_OBJC_MSGSEND = YES;
				GCC_C_LANGUAGE_STANDARD = gnu99;
				GCC_NO_COMMON_BLOCKS = YES;
				GCC_WARN_64_TO_32_BIT_CONVERSION = YES;
				GCC_WARN_ABOUT_RETURN_TYPE = YES_ERROR;
				GCC_WARN_UNDECLARED_SELECTOR = YES;
				GCC_WARN_UNINITIALIZED_AUTOS = YES_AGGRESSIVE;
				GCC_WARN_UNUSED_FUNCTION = YES;
				GCC_WARN_UNUSED_VARIABLE = YES;
				IPHONEOS_DEPLOYMENT_TARGET = 10.2;
				MTL_ENABLE_DEBUG_INFO = NO;
				SDKROOT = iphoneos;
				SWIFT_OPTIMIZATION_LEVEL = "-Owholemodule";
				TARGETED_DEVICE_FAMILY = "1,2";
				VALIDATE_PRODUCT = YES;
			};
			name = Release;
		};
		6727F1EE1EA840580069CA6F /* Debug */ = {
			isa = XCBuildConfiguration;
			buildSettings = {
				ASSETCATALOG_COMPILER_APPICON_NAME = AppIcon;
				DEVELOPMENT_TEAM = NQTW4CBNTU;
				INFOPLIST_FILE = TinderS/Info.plist;
				LD_RUNPATH_SEARCH_PATHS = "$(inherited) @executable_path/Frameworks";
				PRODUCT_BUNDLE_IDENTIFIER = lawchihon.TinderS;
				PRODUCT_NAME = "$(TARGET_NAME)";
				SWIFT_VERSION = 3.0;
			};
			name = Debug;
		};
		6727F1EF1EA840580069CA6F /* Release */ = {
			isa = XCBuildConfiguration;
			buildSettings = {
				ASSETCATALOG_COMPILER_APPICON_NAME = AppIcon;
				DEVELOPMENT_TEAM = NQTW4CBNTU;
				INFOPLIST_FILE = TinderS/Info.plist;
				LD_RUNPATH_SEARCH_PATHS = "$(inherited) @executable_path/Frameworks";
				PRODUCT_BUNDLE_IDENTIFIER = lawchihon.TinderS;
				PRODUCT_NAME = "$(TARGET_NAME)";
				SWIFT_VERSION = 3.0;
			};
			name = Release;
		};
/* End XCBuildConfiguration section */

/* Begin XCConfigurationList section */
		6727F1D61EA840580069CA6F /* Build configuration list for PBXProject "TinderS" */ = {
			isa = XCConfigurationList;
			buildConfigurations = (
				6727F1EB1EA840580069CA6F /* Debug */,
				6727F1EC1EA840580069CA6F /* Release */,
			);
			defaultConfigurationIsVisible = 0;
			defaultConfigurationName = Release;
		};
		6727F1ED1EA840580069CA6F /* Build configuration list for PBXNativeTarget "TinderS" */ = {
			isa = XCConfigurationList;
			buildConfigurations = (
				6727F1EE1EA840580069CA6F /* Debug */,
				6727F1EF1EA840580069CA6F /* Release */,
			);
			defaultConfigurationIsVisible = 0;
		};
/* End XCConfigurationList section */
	};
	rootObject = 6727F1D31EA840580069CA6F /* Project object */;
}
